
Microsoft Visual Studio Solution File, Format Version 12.00
# Visual Studio Version 17
VisualStudioVersion = 17.5.33516.290
MinimumVisualStudioVersion = 10.0.40219.1
Project("{FAE04EC0-301F-11D3-BF4B-00C04F79EFBC}") = "Oblig4", "Oblig4\Oblig4.csproj", "{1F7057EF-EEB8-4839-BA5D-196D4F747109}"
EndProject
Global
	GlobalSection(SolutionConfigurationPlatforms) = preSolution
		Debug|Any CPU = Debug|Any CPU
		Release|Any CPU = Release|Any CPU
	EndGlobalSection
	GlobalSection(ProjectConfigurationPlatforms) = postSolution
		{1F7057EF-EEB8-4839-BA5D-196D4F747109}.Debug|Any CPU.ActiveCfg = Debug|Any CPU
		{1F7057EF-EEB8-4839-BA5D-196D4F747109}.Debug|Any CPU.Build.0 = Debug|Any CPU
		{1F7057EF-EEB8-4839-BA5D-196D4F747109}.Release|Any CPU.ActiveCfg = Release|Any CPU
		{1F7057EF-EEB8-4839-BA5D-196D4F747109}.Release|Any CPU.Build.0 = Release|Any CPU
	EndGlobalSection
	GlobalSection(SolutionProperties) = preSolution
		HideSolutionNode = FALSE
	EndGlobalSection
	GlobalSection(ExtensibilityGlobals) = postSolution
		SolutionGuid = {8C3675EA-6540-40A9-846B-0A599BDF08A9}
	EndGlobalSection
EndGlobal
